# THIS IS AN AUTOGENERATED FILE. DO NOT EDIT THIS FILE DIRECTLY.
# yarn lockfile v1


"@sonetjs/binary-parser@^2.0.5":
  version "2.0.5"
  resolved "https://registry.yarnpkg.com/@sonetjs/binary-parser/-/binary-parser-2.0.5.tgz#8d57e06e3929a64711f5b2518e20a8cfff7c5d6f"
  integrity sha512-1JtFY8riU+5DRKtS35BzFbHmPgxt88jJTlb70wAZUd9M/gDwnkuLz5ld3YXPisO1LncUjSoL/oN+CTCdCXkHRA==
  dependencies:
    "@sonetjs/utils" "^1.0.2"
    bin-protocol "^3.1.1"
    sugar "^2.0.6"

"@sonetjs/utils@^1.0.2":
  version "1.0.2"
  resolved "https://registry.yarnpkg.com/@sonetjs/utils/-/utils-1.0.2.tgz#1aeff2c13de6d87555c09ccab496b7ac09fa6b3b"
  integrity sha512-VC3ocCk4P7qLkcUS1eAvtm8CTYO0Tp7mA5blKiUiRGLbZDMfDavNyWWtqRhJeps8R1LEl2Dj2fKwellzEyYeVQ==
  dependencies:
    nanoid "^2.1.0"
    uuid "^3.3.3"

bin-protocol@^3.1.1:
  version "3.1.1"
  resolved "https://registry.yarnpkg.com/bin-protocol/-/bin-protocol-3.1.1.tgz#8c1e59febc789f7eb71b48de8d6354d53ff1c5f1"
  integrity sha512-9vCGfaHC2GBHZwGQdG+DpyXfmLvx9uKtf570wMLwIc9wmTIDgsdCBXQxTZu5X2GyogkfBks2Ode4N0sUVxJ2qQ==
  dependencies:
    lodash "^4.17.11"
    long "^4.0.0"
    protocol-buffers-schema "^3.0.0"

lodash@^4.17.11:
  version "4.17.15"
  resolved "https://registry.yarnpkg.com/lodash/-/lodash-4.17.15.tgz#b447f6670a0455bbfeedd11392eff330ea097548"
  integrity sha512-8xOcRHvCjnocdS5cpwXQXVzmmh5e5+saE2QGoeQmbKmRS6J3VQppPOIt0MnmE+4xlZoumy0GPG0D0MVIQbNA1A==

long@^4.0.0:
  version "4.0.0"
  resolved "https://registry.yarnpkg.com/long/-/long-4.0.0.tgz#9a7b71cfb7d361a194ea555241c92f7468d5bf28"
  integrity sha512-XsP+KhQif4bjX1kbuSiySJFNAehNxgLb6hPRGJ9QsUr8ajHkuXGdrHmFUTUUXhDwVX2R5bY4JNZEwbUiMhV+MA==

nanoid@^2.1.0:
  version "2.1.0"
  resolved "https://registry.yarnpkg.com/nanoid/-/nanoid-2.1.0.tgz#3de3dbd68cfb2f3bd52550e2bfd439cf75040eb2"
  integrity sha512-g5WwS+p6Cm+zQhO2YOpRbQThZVnNb7DDq74h8YDCLfAGynrEOrbx2E16dc8ciENiP1va5sqaAruqn2sN+xpkWg==

protocol-buffers-schema@^3.0.0:
  version "3.3.2"
  resolved "https://registry.yarnpkg.com/protocol-buffers-schema/-/protocol-buffers-schema-3.3.2.tgz#00434f608b4e8df54c59e070efeefc37fb4bb859"
  integrity sha512-Xdayp8sB/mU+sUV4G7ws8xtYMGdQnxbeIfLjyO9TZZRJdztBGhlmbI5x1qcY4TG5hBkIKGnc28i7nXxaugu88w==

sugar-core@^2.0.0:
  version "2.0.6"
  resolved "https://registry.yarnpkg.com/sugar-core/-/sugar-core-2.0.6.tgz#785e0cd64aa7302ea54d47bc1213efe52c006270"
  integrity sha512-YmLFysR3Si6RImqL1+aB6JH81EXxvXn5iXhPf2PsjfoUYEwCxFDYCQY+zC3WqviuGWzxFaSkkJvkUE05Y03L5Q==

sugar@^2.0.6:
  version "2.0.6"
  resolved "https://registry.yarnpkg.com/sugar/-/sugar-2.0.6.tgz#aa08e389add27109fb35718598313e0503a4fc39"
  integrity sha512-s0P2/pjJtAD9VA44+2Gqm3NdC4v+08melA6YubOxzshu628krTbn95/M2GWMrI9rYspZMpYBIrChR46fjQ7xsQ==
  dependencies:
    sugar-core "^2.0.0"

uuid@^3.3.3:
  version "3.3.3"
  resolved "https://registry.yarnpkg.com/uuid/-/uuid-3.3.3.tgz#4568f0216e78760ee1dbf3a4d2cf53e224112866"
  integrity sha512-pW0No1RGHgzlpHJO1nsVrHKpOEIxkGg1xB+v0ZmdNH5OAeAwzAVrCnI2/6Mtx+Uys6iaylxa+D3g4j63IKKjSQ==
